
Microsoft Visual Studio Solution File, Format Version 12.00
# Visual Studio Version 17
VisualStudioVersion = 17.2.32616.157
MinimumVisualStudioVersion = 10.0.40219.1
Project("{FAE04EC0-301F-11D3-BF4B-00C04F79EFBC}") = "P2_ReverseString", "P2_ReverseString\P2_ReverseString.csproj", "{BEC28D26-51EC-4EF7-8DFC-DB2107F8069E}"
EndProject
Global
	GlobalSection(SolutionConfigurationPlatforms) = preSolution
		Debug|Any CPU = Debug|Any CPU
		Release|Any CPU = Release|Any CPU
	EndGlobalSection
	GlobalSection(ProjectConfigurationPlatforms) = postSolution
		{BEC28D26-51EC-4EF7-8DFC-DB2107F8069E}.Debug|Any CPU.ActiveCfg = Debug|Any CPU
		{BEC28D26-51EC-4EF7-8DFC-DB2107F8069E}.Debug|Any CPU.Build.0 = Debug|Any CPU
		{BEC28D26-51EC-4EF7-8DFC-DB2107F8069E}.Release|Any CPU.ActiveCfg = Release|Any CPU
		{BEC28D26-51EC-4EF7-8DFC-DB2107F8069E}.Release|Any CPU.Build.0 = Release|Any CPU
	EndGlobalSection
	GlobalSection(SolutionProperties) = preSolution
		HideSolutionNode = FALSE
	EndGlobalSection
	GlobalSection(ExtensibilityGlobals) = postSolution
		SolutionGuid = {958A18D7-A04C-4F78-ADC3-305E90E0871F}
	EndGlobalSection
EndGlobal
